PODS:
  - DownPicker (0.1.34)
  - Firebase/Analytics (8.14.0):
    - Firebase/Core
  - Firebase/Core (8.14.0):
    - Firebase/CoreOnly
    - FirebaseAnalytics (~> 8.14.0)
  - Firebase/CoreOnly (8.14.0):
    - FirebaseCore (= 8.14.0)
  - Firebase/Crashlytics (8.14.0):
    - Firebase/CoreOnly
    - FirebaseCrashlytics (~> 8.14.0)
  - Firebase/RemoteConfig (8.14.0):
    - Firebase/CoreOnly
    - FirebaseRemoteConfig (~> 8.14.0)
  - FirebaseABTesting (8.14.0):
    - FirebaseCore (~> 8.0)
  - FirebaseAnalytics (8.14.0):
    - FirebaseAnalytics/AdIdSupport (= 8.14.0)
    - FirebaseCore (~> 8.0)
    - FirebaseInstallations (~> 8.0)
    - GoogleUtilities/AppDelegateSwizzler (~> 7.7)
    - GoogleUtilities/MethodSwizzler (~> 7.7)
    - GoogleUtilities/Network (~> 7.7)
    - "GoogleUtilities/NSData+zlib (~> 7.7)"
    - nanopb (~> 2.30908.0)
  - FirebaseAnalytics/AdIdSupport (8.14.0):
    - FirebaseCore (~> 8.0)
    - FirebaseInstallations (~> 8.0)
    - GoogleAppMeasurement (= 8.14.0)
    - GoogleUtilities/AppDelegateSwizzler (~> 7.7)
    - GoogleUtilities/MethodSwizzler (~> 7.7)
    - GoogleUtilities/Network (~> 7.7)
    - "GoogleUtilities/NSData+zlib (~> 7.7)"
    - nanopb (~> 2.30908.0)
  - FirebaseCore (8.14.0):
    - FirebaseCoreDiagnostics (~> 8.0)
    - GoogleUtilities/Environment (~> 7.7)
    - GoogleUtilities/Logger (~> 7.7)
  - FirebaseCoreDiagnostics (8.14.0):
    - GoogleDataTransport (~> 9.1)
    - GoogleUtilities/Environment (~> 7.7)
    - GoogleUtilities/Logger (~> 7.7)
    - nanopb (~> 2.30908.0)
  - FirebaseCrashlytics (8.14.0):
    - FirebaseCore (~> 8.0)
    - FirebaseInstallations (~> 8.0)
    - GoogleDataTransport (~> 9.1)
    - GoogleUtilities/Environment (~> 7.7)
    - nanopb (~> 2.30908.0)
    - PromisesObjC (< 3.0, >= 1.2)
  - FirebaseInstallations (8.14.0):
    - FirebaseCore (~> 8.0)
    - GoogleUtilities/Environment (~> 7.7)
    - GoogleUtilities/UserDefaults (~> 7.7)
    - PromisesObjC (< 3.0, >= 1.2)
  - FirebaseRemoteConfig (8.14.0):
    - FirebaseABTesting (~> 8.0)
    - FirebaseCore (~> 8.0)
    - FirebaseInstallations (~> 8.0)
    - GoogleUtilities/Environment (~> 7.7)
    - "GoogleUtilities/NSData+zlib (~> 7.7)"
  - GADManager (1.2.24):
    - Google-Mobile-Ads-SDK
  - Google-Mobile-Ads-SDK (9.2.0):
    - GoogleAppMeasurement (< 9.0, >= 7.0)
    - GoogleUserMessagingPlatform (>= 1.1)
  - GoogleAppMeasurement (8.14.0):
    - GoogleAppMeasurement/AdIdSupport (= 8.14.0)
    - GoogleUtilities/AppDelegateSwizzler (~> 7.7)
    - GoogleUtilities/MethodSwizzler (~> 7.7)
    - GoogleUtilities/Network (~> 7.7)
    - "GoogleUtilities/NSData+zlib (~> 7.7)"
    - nanopb (~> 2.30908.0)
  - GoogleAppMeasurement/AdIdSupport (8.14.0):
    - GoogleAppMeasurement/WithoutAdIdSupport (= 8.14.0)
    - GoogleUtilities/AppDelegateSwizzler (~> 7.7)
    - GoogleUtilities/MethodSwizzler (~> 7.7)
    - GoogleUtilities/Network (~> 7.7)
    - "GoogleUtilities/NSData+zlib (~> 7.7)"
    - nanopb (~> 2.30908.0)
  - GoogleAppMeasurement/WithoutAdIdSupport (8.14.0):
    - GoogleUtilities/AppDelegateSwizzler (~> 7.7)
    - GoogleUtilities/MethodSwizzler (~> 7.7)
    - GoogleUtilities/Network (~> 7.7)
    - "GoogleUtilities/NSData+zlib (~> 7.7)"
    - nanopb (~> 2.30908.0)
  - GoogleDataTransport (9.1.2):
    - GoogleUtilities/Environment (~> 7.2)
    - nanopb (~> 2.30908.0)
    - PromisesObjC (< 3.0, >= 1.2)
  - GoogleMaps (5.2.0):
    - GoogleMaps/Maps (= 5.2.0)
  - GoogleMaps/Base (5.2.0)
  - GoogleMaps/Maps (5.2.0):
    - GoogleMaps/Base
  - GoogleUserMessagingPlatform (2.0.0)
  - GoogleUtilities/AppDelegateSwizzler (7.7.0):
    - GoogleUtilities/Environment
    - GoogleUtilities/Logger
    - GoogleUtilities/Network
  - GoogleUtilities/Environment (7.7.0):
    - PromisesObjC (< 3.0, >= 1.2)
  - GoogleUtilities/Logger (7.7.0):
    - GoogleUtilities/Environment
  - GoogleUtilities/MethodSwizzler (7.7.0):
    - GoogleUtilities/Logger
  - GoogleUtilities/Network (7.7.0):
    - GoogleUtilities/Logger
    - "GoogleUtilities/NSData+zlib"
    - GoogleUtilities/Reachability
  - "GoogleUtilities/NSData+zlib (7.7.0)"
  - GoogleUtilities/Reachability (7.7.0):
    - GoogleUtilities/Logger
  - GoogleUtilities/UserDefaults (7.7.0):
    - GoogleUtilities/Logger
  - KakaoOpenSDK (1.23.10):
    - KakaoOpenSDK/KakaoCommon (= 1.23.10)
    - KakaoOpenSDK/KakaoLink (= 1.23.10)
    - KakaoOpenSDK/KakaoMessageTemplate (= 1.23.10)
    - KakaoOpenSDK/KakaoNavi (= 1.23.10)
    - KakaoOpenSDK/KakaoOpenSDK (= 1.23.10)
    - KakaoOpenSDK/KakaoPlusFriend (= 1.23.10)
  - KakaoOpenSDK/KakaoCommon (1.23.10)
  - KakaoOpenSDK/KakaoLink (1.23.10):
    - KakaoOpenSDK/KakaoCommon
    - KakaoOpenSDK/KakaoMessageTemplate
  - KakaoOpenSDK/KakaoMessageTemplate (1.23.10)
  - KakaoOpenSDK/KakaoNavi (1.23.10):
    - KakaoOpenSDK/KakaoCommon
  - KakaoOpenSDK/KakaoOpenSDK (1.23.10):
    - KakaoOpenSDK/KakaoMessageTemplate
  - KakaoOpenSDK/KakaoPlusFriend (1.23.10):
    - KakaoOpenSDK/KakaoCommon
  - LSExtensions (0.1.18)
  - Material (3.1.8):
    - Material/Core (= 3.1.8)
  - Material/Core (3.1.8):
    - Motion (~> 3.1.1)
  - MBProgressHUD (1.2.0)
  - Motion (3.1.3):
    - Motion/Core (= 3.1.3)
  - Motion/Core (3.1.3)
  - nanopb (2.30908.0):
    - nanopb/decode (= 2.30908.0)
    - nanopb/encode (= 2.30908.0)
  - nanopb/decode (2.30908.0)
  - nanopb/encode (2.30908.0)
  - PromisesObjC (2.0.0)
  - SDWebImage (5.12.5):
    - SDWebImage/Core (= 5.12.5)
  - SDWebImage/Core (5.12.5)
  - StringLogger (0.6)

DEPENDENCIES:
  - DownPicker
  - Firebase/Analytics
  - Firebase/Crashlytics
  - Firebase/RemoteConfig
  - GADManager (from `~/Projects/leesam/pods/GADManager/src/GADManager`)
  - GoogleMaps
  - KakaoOpenSDK
  - LSExtensions (from `~/Projects/leesam/pods/LSExtensions/src/LSExtensions`)
  - Material
  - MBProgressHUD
  - SDWebImage
  - StringLogger

SPEC REPOS:
  trunk:
    - DownPicker
    - Firebase
    - FirebaseABTesting
    - FirebaseAnalytics
    - FirebaseCore
    - FirebaseCoreDiagnostics
    - FirebaseCrashlytics
    - FirebaseInstallations
    - FirebaseRemoteConfig
    - Google-Mobile-Ads-SDK
    - GoogleAppMeasurement
    - GoogleDataTransport
    - GoogleMaps
    - GoogleUserMessagingPlatform
    - GoogleUtilities
    - KakaoOpenSDK
    - Material
    - MBProgressHUD
    - Motion
    - nanopb
    - PromisesObjC
    - SDWebImage
    - StringLogger

EXTERNAL SOURCES:
  GADManager:
    :path: "~/Projects/leesam/pods/GADManager/src/GADManager"
  LSExtensions:
    :path: "~/Projects/leesam/pods/LSExtensions/src/LSExtensions"

SPEC CHECKSUMS:
  DownPicker: c00ea63f08ae82116cc93d0eba74e86bf3d4c68e
  Firebase: 7e8fe528c161b9271d365217a74c16aaf834578e
  FirebaseABTesting: aaa0e096c9fc9972ce6806d596e8fcc077d4371f
  FirebaseAnalytics: 2fc3876e2eb347673ad2f35e249ae7b15d6c88f5
  FirebaseCore: b84a44ee7ba999e0f9f76d198a9c7f60a797b848
  FirebaseCoreDiagnostics: fd0c8490f34287229c1d6c103d3a55f81ec85712
  FirebaseCrashlytics: 079ef36f5c4b7161188928faec40fa276ebefd84
  FirebaseInstallations: 7d1d967a307c12f1aadd76844fc321cef699b1ce
  FirebaseRemoteConfig: a5d9188d8f57f602636f111eca6460ebe32b9b71
  GADManager: c9f11906c6416df1dec58c7ec96d544d5899e3e5
  Google-Mobile-Ads-SDK: 0badb67224b63f7947428eb07039ba37e47ba405
  GoogleAppMeasurement: 71156240babd3cc6ced03e0d54816f01a880c730
  GoogleDataTransport: 629c20a4d363167143f30ea78320d5a7eb8bd940
  GoogleMaps: 025272d5876d3b32604e5c080dc25eaf68764693
  GoogleUserMessagingPlatform: ab890ce5f6620f293a21b6bdd82e416a2c73aeca
  GoogleUtilities: e0913149f6b0625b553d70dae12b49fc62914fd1
  KakaoOpenSDK: 4ca85d4c8a50dd42d4713981dd249af9080d7563
  LSExtensions: ef29edd723b1edbaa9d011c8b88bd7f7baed794f
  Material: a2a3f400a3b549d53ef89e56c58c4535b29db387
  MBProgressHUD: 3ee5efcc380f6a79a7cc9b363dd669c5e1ae7406
  Motion: cf1e060e489f6661126374d5c60dbd2ed991605c
  nanopb: a0ba3315591a9ae0a16a309ee504766e90db0c96
  PromisesObjC: 68159ce6952d93e17b2dfe273b8c40907db5ba58
  SDWebImage: 0905f1b7760fc8ac4198cae0036600d67478751e
  StringLogger: 86995c3054f2bc4039fec944f1cfda1f9659ca39

PODFILE CHECKSUM: eec57071b8bc89e50929ec5b4b014e96cdcdf227

COCOAPODS: 1.11.3
